
Microsoft Visual Studio Solution File, Format Version 12.00
# Visual Studio Version 17
VisualStudioVersion = 17.4.33213.308
MinimumVisualStudioVersion = 10.0.40219.1
Project("{9A19103F-16F7-4668-BE54-9A1E7A4F7556}") = "Cave.Media", "..\cave-media\Cave.Media\Cave.Media.csproj", "{310CD404-FD50-4B5F-95E6-320E380CB4C8}"
EndProject
Project("{9A19103F-16F7-4668-BE54-9A1E7A4F7556}") = "Cave.Media.Skia", "..\cave-media\Cave.Media.Skia\Cave.Media.Skia.csproj", "{05927AEB-263B-4E7A-B4C7-5954F585BC61}"
EndProject
Project("{9A19103F-16F7-4668-BE54-9A1E7A4F7556}") = "PlanSichtGL", "PlanSichtGL\PlanSichtGL.csproj", "{C1AB8E41-5B56-4FE4-8373-14B1D0645614}"
EndProject
Global
	GlobalSection(SolutionConfigurationPlatforms) = preSolution
		Debug|Any CPU = Debug|Any CPU
		Release|Any CPU = Release|Any CPU
	EndGlobalSection
	GlobalSection(ProjectConfigurationPlatforms) = postSolution
		{310CD404-FD50-4B5F-95E6-320E380CB4C8}.Debug|Any CPU.ActiveCfg = Debug|Any CPU
		{310CD404-FD50-4B5F-95E6-320E380CB4C8}.Debug|Any CPU.Build.0 = Debug|Any CPU
		{310CD404-FD50-4B5F-95E6-320E380CB4C8}.Release|Any CPU.ActiveCfg = Release|Any CPU
		{310CD404-FD50-4B5F-95E6-320E380CB4C8}.Release|Any CPU.Build.0 = Release|Any CPU
		{05927AEB-263B-4E7A-B4C7-5954F585BC61}.Debug|Any CPU.ActiveCfg = Debug|Any CPU
		{05927AEB-263B-4E7A-B4C7-5954F585BC61}.Debug|Any CPU.Build.0 = Debug|Any CPU
		{05927AEB-263B-4E7A-B4C7-5954F585BC61}.Release|Any CPU.ActiveCfg = Release|Any CPU
		{05927AEB-263B-4E7A-B4C7-5954F585BC61}.Release|Any CPU.Build.0 = Release|Any CPU
		{C1AB8E41-5B56-4FE4-8373-14B1D0645614}.Debug|Any CPU.ActiveCfg = Debug|Any CPU
		{C1AB8E41-5B56-4FE4-8373-14B1D0645614}.Debug|Any CPU.Build.0 = Debug|Any CPU
		{C1AB8E41-5B56-4FE4-8373-14B1D0645614}.Release|Any CPU.ActiveCfg = Release|Any CPU
		{C1AB8E41-5B56-4FE4-8373-14B1D0645614}.Release|Any CPU.Build.0 = Release|Any CPU
	EndGlobalSection
	GlobalSection(SolutionProperties) = preSolution
		HideSolutionNode = FALSE
	EndGlobalSection
	GlobalSection(ExtensibilityGlobals) = postSolution
		SolutionGuid = {F8F5B2DD-020F-4EE7-81C4-C40CFE55D754}
	EndGlobalSection
EndGlobal
